PODS:
  - SwiftSiriWaveformView (2.4.0)

DEPENDENCIES:
  - SwiftSiriWaveformView

SPEC REPOS:
  https://github.com/cocoapods/specs.git:
    - SwiftSiriWaveformView

SPEC CHECKSUMS:
  SwiftSiriWaveformView: baa04ed2089e854af00ea54c38a7700ca43d7ae0

PODFILE CHECKSUM: 3a51bbd44357125a426125389dd27be7bef6d456

COCOAPODS: 1.6.1
